# This file is automatically @generated by Cargo.
# It is not intended for manual editing.
version = 3

[[package]]
name = "advent_of_code_2021"
version = "0.1.0"
dependencies = [
 "bitstream-io",
 "comparator",
]

[[package]]
name = "bitstream-io"
version = "0.8.5"
source = "registry+https://github.com/rust-lang/crates.io-index"
checksum = "614aa3f2bac03707e62a84d18a48dd3d9ea6171313fd5e6a53b5054d8ae74601"

[[package]]
name = "comparator"
version = "0.2.1"
source = "registry+https://github.com/rust-lang/crates.io-index"
checksum = "ad08893e502bc71356afea67548d4a2b19c5a72d774b6f4332361c580c3169f6"
